// !$*UTF8*$!
{
	archiveVersion = 1;
	classes = {
	};
	objectVersion = 55;
	objects = {

/* Begin PBXBuildFile section */
		C43274772816F3FA008E85B1 /* SwiftUICharts in Frameworks */ = {isa = PBXBuildFile; productRef = C43274762816F3FA008E85B1 /* SwiftUICharts */; };
		C43D343627B67D3F00200556 /* Crypto_Currency_Price_CheckerApp.swift in Sources */ = {isa = PBXBuildFile; fileRef = C43D343527B67D3F00200556 /* Crypto_Currency_Price_CheckerApp.swift */; };
		C43D343827B67D3F00200556 /* ContentView.swift in Sources */ = {isa = PBXBuildFile; fileRef = C43D343727B67D3F00200556 /* ContentView.swift */; };
		C43D343A27B67D4300200556 /* Assets.xcassets in Resources */ = {isa = PBXBuildFile; fileRef = C43D343927B67D4300200556 /* Assets.xcassets */; };
		C43D343D27B67D4300200556 /* Preview Assets.xcassets in Resources */ = {isa = PBXBuildFile; fileRef = C43D343C27B67D4300200556 /* Preview Assets.xcassets */; };
		C43D344727B67D4300200556 /* Crypto_Currency_Price_CheckerTests.swift in Sources */ = {isa = PBXBuildFile; fileRef = C43D344627B67D4300200556 /* Crypto_Currency_Price_CheckerTests.swift */; };
		C43D345127B67D4300200556 /* Crypto_Currency_Price_CheckerUITests.swift in Sources */ = {isa = PBXBuildFile; fileRef = C43D345027B67D4300200556 /* Crypto_Currency_Price_CheckerUITests.swift */; };
		C43D345327B67D4300200556 /* Crypto_Currency_Price_CheckerUITestsLaunchTests.swift in Sources */ = {isa = PBXBuildFile; fileRef = C43D345227B67D4300200556 /* Crypto_Currency_Price_CheckerUITestsLaunchTests.swift */; };
		C448E01A281BFB33005D97A5 /* RefreshableScrollView in Frameworks */ = {isa = PBXBuildFile; productRef = C448E019281BFB33005D97A5 /* RefreshableScrollView */; };
		C448E01C281BFF4B005D97A5 /* FavouritesView.swift in Sources */ = {isa = PBXBuildFile; fileRef = C448E01B281BFF4B005D97A5 /* FavouritesView.swift */; };
		C448E01E281C031D005D97A5 /* AssetView.swift in Sources */ = {isa = PBXBuildFile; fileRef = C448E01D281C031D005D97A5 /* AssetView.swift */; };
		C4831FB727D277B8003C8079 /* CryptoInformationService.swift in Sources */ = {isa = PBXBuildFile; fileRef = C4831FB627D277B8003C8079 /* CryptoInformationService.swift */; };
		C4A4205927DB6F4F00B7FA2D /* CCPCViewModel.swift in Sources */ = {isa = PBXBuildFile; fileRef = C4A4205827DB6F4F00B7FA2D /* CCPCViewModel.swift */; };
		C4D320FC27FB39F400A1432E /* Favourites.swift in Sources */ = {isa = PBXBuildFile; fileRef = C4D320FB27FB39F400A1432E /* Favourites.swift */; };
		C4D320FE27FB3AF200A1432E /* MarketsView.swift in Sources */ = {isa = PBXBuildFile; fileRef = C4D320FD27FB3AF200A1432E /* MarketsView.swift */; };
		C4D673BE28253752002A6B54 /* DashboardView.swift in Sources */ = {isa = PBXBuildFile; fileRef = C4D673BD28253752002A6B54 /* DashboardView.swift */; };
/* End PBXBuildFile section */

/* Begin PBXContainerItemProxy section */
		C43D344327B67D4300200556 /* PBXContainerItemProxy */ = {
			isa = PBXContainerItemProxy;
			containerPortal = C43D342A27B67D3F00200556 /* Project object */;
			proxyType = 1;
			remoteGlobalIDString = C43D343127B67D3F00200556;
			remoteInfo = "Crypto Currency Price Checker";
		};
		C43D344D27B67D4300200556 /* PBXContainerItemProxy */ = {
			isa = PBXContainerItemProxy;
			containerPortal = C43D342A27B67D3F00200556 /* Project object */;
			proxyType = 1;
			remoteGlobalIDString = C43D343127B67D3F00200556;
			remoteInfo = "Crypto Currency Price Checker";
		};
/* End PBXContainerItemProxy section */

/* Begin PBXFileReference section */
		C43D343227B67D3F00200556 /* Crypto Currency Price Checker.app */ = {isa = PBXFileReference; explicitFileType = wrapper.application; includeInIndex = 0; path = "Crypto Currency Price Checker.app"; sourceTree = BUILT_PRODUCTS_DIR; };
		C43D343527B67D3F00200556 /* Crypto_Currency_Price_CheckerApp.swift */ = {isa = PBXFileReference; lastKnownFileType = sourcecode.swift; path = Crypto_Currency_Price_CheckerApp.swift; sourceTree = "<group>"; };
		C43D343727B67D3F00200556 /* ContentView.swift */ = {isa = PBXFileReference; lastKnownFileType = sourcecode.swift; path = ContentView.swift; sourceTree = "<group>"; };
		C43D343927B67D4300200556 /* Assets.xcassets */ = {isa = PBXFileReference; lastKnownFileType = folder.assetcatalog; path = Assets.xcassets; sourceTree = "<group>"; };
		C43D343C27B67D4300200556 /* Preview Assets.xcassets */ = {isa = PBXFileReference; lastKnownFileType = folder.assetcatalog; path = "Preview Assets.xcassets"; sourceTree = "<group>"; };
		C43D344227B67D4300200556 /* Crypto Currency Price CheckerTests.xctest */ = {isa = PBXFileReference; explicitFileType = wrapper.cfbundle; includeInIndex = 0; path = "Crypto Currency Price CheckerTests.xctest"; sourceTree = BUILT_PRODUCTS_DIR; };
		C43D344627B67D4300200556 /* Crypto_Currency_Price_CheckerTests.swift */ = {isa = PBXFileReference; lastKnownFileType = sourcecode.swift; path = Crypto_Currency_Price_CheckerTests.swift; sourceTree = "<group>"; };
		C43D344C27B67D4300200556 /* Crypto Currency Price CheckerUITests.xctest */ = {isa = PBXFileReference; explicitFileType = wrapper.cfbundle; includeInIndex = 0; path = "Crypto Currency Price CheckerUITests.xctest"; sourceTree = BUILT_PRODUCTS_DIR; };
		C43D345027B67D4300200556 /* Crypto_Currency_Price_CheckerUITests.swift */ = {isa = PBXFileReference; lastKnownFileType = sourcecode.swift; path = Crypto_Currency_Price_CheckerUITests.swift; sourceTree = "<group>"; };
		C43D345227B67D4300200556 /* Crypto_Currency_Price_CheckerUITestsLaunchTests.swift */ = {isa = PBXFileReference; lastKnownFileType = sourcecode.swift; path = Crypto_Currency_Price_CheckerUITestsLaunchTests.swift; sourceTree = "<group>"; };
		C448E01B281BFF4B005D97A5 /* FavouritesView.swift */ = {isa = PBXFileReference; lastKnownFileType = sourcecode.swift; path = FavouritesView.swift; sourceTree = "<group>"; };
		C448E01D281C031D005D97A5 /* AssetView.swift */ = {isa = PBXFileReference; lastKnownFileType = sourcecode.swift; path = AssetView.swift; sourceTree = "<group>"; };
		C4831FB627D277B8003C8079 /* CryptoInformationService.swift */ = {isa = PBXFileReference; lastKnownFileType = sourcecode.swift; path = CryptoInformationService.swift; sourceTree = "<group>"; };
		C4A4205827DB6F4F00B7FA2D /* CCPCViewModel.swift */ = {isa = PBXFileReference; lastKnownFileType = sourcecode.swift; path = CCPCViewModel.swift; sourceTree = "<group>"; };
		C4D320FB27FB39F400A1432E /* Favourites.swift */ = {isa = PBXFileReference; lastKnownFileType = sourcecode.swift; path = Favourites.swift; sourceTree = "<group>"; };
		C4D320FD27FB3AF200A1432E /* MarketsView.swift */ = {isa = PBXFileReference; lastKnownFileType = sourcecode.swift; path = MarketsView.swift; sourceTree = "<group>"; };
		C4D673BD28253752002A6B54 /* DashboardView.swift */ = {isa = PBXFileReference; lastKnownFileType = sourcecode.swift; path = DashboardView.swift; sourceTree = "<group>"; };
/* End PBXFileReference section */

/* Begin PBXFrameworksBuildPhase section */
		C43D342F27B67D3F00200556 /* Frameworks */ = {
			isa = PBXFrameworksBuildPhase;
			buildActionMask = 2147483647;
			files = (
				C448E01A281BFB33005D97A5 /* RefreshableScrollView in Frameworks */,
				C43274772816F3FA008E85B1 /* SwiftUICharts in Frameworks */,
			);
			runOnlyForDeploymentPostprocessing = 0;
		};
		C43D343F27B67D4300200556 /* Frameworks */ = {
			isa = PBXFrameworksBuildPhase;
			buildActionMask = 2147483647;
			files = (
			);
			runOnlyForDeploymentPostprocessing = 0;
		};
		C43D344927B67D4300200556 /* Frameworks */ = {
			isa = PBXFrameworksBuildPhase;
			buildActionMask = 2147483647;
			files = (
			);
			runOnlyForDeploymentPostprocessing = 0;
		};
/* End PBXFrameworksBuildPhase section */

/* Begin PBXGroup section */
		C43D342927B67D3F00200556 = {
			isa = PBXGroup;
			children = (
				C43D343427B67D3F00200556 /* Crypto Currency Price Checker */,
				C43D344527B67D4300200556 /* Crypto Currency Price CheckerTests */,
				C43D344F27B67D4300200556 /* Crypto Currency Price CheckerUITests */,
				C43D343327B67D3F00200556 /* Products */,
			);
			sourceTree = "<group>";
		};
		C43D343327B67D3F00200556 /* Products */ = {
			isa = PBXGroup;
			children = (
				C43D343227B67D3F00200556 /* Crypto Currency Price Checker.app */,
				C43D344227B67D4300200556 /* Crypto Currency Price CheckerTests.xctest */,
				C43D344C27B67D4300200556 /* Crypto Currency Price CheckerUITests.xctest */,
			);
			name = Products;
			sourceTree = "<group>";
		};
		C43D343427B67D3F00200556 /* Crypto Currency Price Checker */ = {
			isa = PBXGroup;
			children = (
				C43D343527B67D3F00200556 /* Crypto_Currency_Price_CheckerApp.swift */,
				C4831FB627D277B8003C8079 /* CryptoInformationService.swift */,
				C43D343727B67D3F00200556 /* ContentView.swift */,
				C4D673BD28253752002A6B54 /* DashboardView.swift */,
				C448E01B281BFF4B005D97A5 /* FavouritesView.swift */,
				C4D320FD27FB3AF200A1432E /* MarketsView.swift */,
				C448E01D281C031D005D97A5 /* AssetView.swift */,
				C4D320FB27FB39F400A1432E /* Favourites.swift */,
				C4A4205827DB6F4F00B7FA2D /* CCPCViewModel.swift */,
				C43D343927B67D4300200556 /* Assets.xcassets */,
				C43D343B27B67D4300200556 /* Preview Content */,
			);
			path = "Crypto Currency Price Checker";
			sourceTree = "<group>";
		};
		C43D343B27B67D4300200556 /* Preview Content */ = {
			isa = PBXGroup;
			children = (
				C43D343C27B67D4300200556 /* Preview Assets.xcassets */,
			);
			path = "Preview Content";
			sourceTree = "<group>";
		};
		C43D344527B67D4300200556 /* Crypto Currency Price CheckerTests */ = {
			isa = PBXGroup;
			children = (
				C43D344627B67D4300200556 /* Crypto_Currency_Price_CheckerTests.swift */,
			);
			path = "Crypto Currency Price CheckerTests";
			sourceTree = "<group>";
		};
		C43D344F27B67D4300200556 /* Crypto Currency Price CheckerUITests */ = {
			isa = PBXGroup;
			children = (
				C43D345027B67D4300200556 /* Crypto_Currency_Price_CheckerUITests.swift */,
				C43D345227B67D4300200556 /* Crypto_Currency_Price_CheckerUITestsLaunchTests.swift */,
			);
			path = "Crypto Currency Price CheckerUITests";
			sourceTree = "<group>";
		};
/* End PBXGroup section */

/* Begin PBXNativeTarget section */
		C43D343127B67D3F00200556 /* Crypto Currency Price Checker */ = {
			isa = PBXNativeTarget;
			buildConfigurationList = C43D345627B67D4300200556 /* Build configuration list for PBXNativeTarget "Crypto Currency Price Checker" */;
			buildPhases = (
				C43D342E27B67D3F00200556 /* Sources */,
				C43D342F27B67D3F00200556 /* Frameworks */,
				C43D343027B67D3F00200556 /* Resources */,
			);
			buildRules = (
			);
			dependencies = (
			);
			name = "Crypto Currency Price Checker";
			packageProductDependencies = (
				C43274762816F3FA008E85B1 /* SwiftUICharts */,
				C448E019281BFB33005D97A5 /* RefreshableScrollView */,
			);
			productName = "Crypto Currency Price Checker";
			productReference = C43D343227B67D3F00200556 /* Crypto Currency Price Checker.app */;
			productType = "com.apple.product-type.application";
		};
		C43D344127B67D4300200556 /* Crypto Currency Price CheckerTests */ = {
			isa = PBXNativeTarget;
			buildConfigurationList = C43D345927B67D4300200556 /* Build configuration list for PBXNativeTarget "Crypto Currency Price CheckerTests" */;
			buildPhases = (
				C43D343E27B67D4300200556 /* Sources */,
				C43D343F27B67D4300200556 /* Frameworks */,
				C43D344027B67D4300200556 /* Resources */,
			);
			buildRules = (
			);
			dependencies = (
				C43D344427B67D4300200556 /* PBXTargetDependency */,
			);
			name = "Crypto Currency Price CheckerTests";
			productName = "Crypto Currency Price CheckerTests";
			productReference = C43D344227B67D4300200556 /* Crypto Currency Price CheckerTests.xctest */;
			productType = "com.apple.product-type.bundle.unit-test";
		};
		C43D344B27B67D4300200556 /* Crypto Currency Price CheckerUITests */ = {
			isa = PBXNativeTarget;
			buildConfigurationList = C43D345C27B67D4300200556 /* Build configuration list for PBXNativeTarget "Crypto Currency Price CheckerUITests" */;
			buildPhases = (
				C43D344827B67D4300200556 /* Sources */,
				C43D344927B67D4300200556 /* Frameworks */,
				C43D344A27B67D4300200556 /* Resources */,
			);
			buildRules = (
			);
			dependencies = (
				C43D344E27B67D4300200556 /* PBXTargetDependency */,
			);
			name = "Crypto Currency Price CheckerUITests";
			productName = "Crypto Currency Price CheckerUITests";
			productReference = C43D344C27B67D4300200556 /* Crypto Currency Price CheckerUITests.xctest */;
			productType = "com.apple.product-type.bundle.ui-testing";
		};
/* End PBXNativeTarget section */

/* Begin PBXProject section */
		C43D342A27B67D3F00200556 /* Project object */ = {
			isa = PBXProject;
			attributes = {
				BuildIndependentTargetsInParallel = 1;
				LastSwiftUpdateCheck = 1320;
				LastUpgradeCheck = 1320;
				TargetAttributes = {
					C43D343127B67D3F00200556 = {
						CreatedOnToolsVersion = 13.2.1;
					};
					C43D344127B67D4300200556 = {
						CreatedOnToolsVersion = 13.2.1;
						TestTargetID = C43D343127B67D3F00200556;
					};
					C43D344B27B67D4300200556 = {
						CreatedOnToolsVersion = 13.2.1;
						TestTargetID = C43D343127B67D3F00200556;
					};
				};
			};
			buildConfigurationList = C43D342D27B67D3F00200556 /* Build configuration list for PBXProject "Crypto Currency Price Checker" */;
			compatibilityVersion = "Xcode 13.0";
			developmentRegion = en;
			hasScannedForEncodings = 0;
			knownRegions = (
				en,
				Base,
			);
			mainGroup = C43D342927B67D3F00200556;
			packageReferences = (
				C43274752816F3FA008E85B1 /* XCRemoteSwiftPackageReference "SwiftUICharts" */,
				C448E018281BFB33005D97A5 /* XCRemoteSwiftPackageReference "RefreshableScrollView" */,
			);
			productRefGroup = C43D343327B67D3F00200556 /* Products */;
			projectDirPath = "";
			projectRoot = "";
			targets = (
				C43D343127B67D3F00200556 /* Crypto Currency Price Checker */,
				C43D344127B67D4300200556 /* Crypto Currency Price CheckerTests */,
				C43D344B27B67D4300200556 /* Crypto Currency Price CheckerUITests */,
			);
		};
/* End PBXProject section */

/* Begin PBXResourcesBuildPhase section */
		C43D343027B67D3F00200556 /* Resources */ = {
			isa = PBXResourcesBuildPhase;
			buildActionMask = 2147483647;
			files = (
				C43D343D27B67D4300200556 /* Preview Assets.xcassets in Resources */,
				C43D343A27B67D4300200556 /* Assets.xcassets in Resources */,
			);
			runOnlyForDeploymentPostprocessing = 0;
		};
		C43D344027B67D4300200556 /* Resources */ = {
			isa = PBXResourcesBuildPhase;
			buildActionMask = 2147483647;
			files = (
			);
			runOnlyForDeploymentPostprocessing = 0;
		};
		C43D344A27B67D4300200556 /* Resources */ = {
			isa = PBXResourcesBuildPhase;
			buildActionMask = 2147483647;
			files = (
			);
			runOnlyForDeploymentPostprocessing = 0;
		};
/* End PBXResourcesBuildPhase section */

/* Begin PBXSourcesBuildPhase section */
		C43D342E27B67D3F00200556 /* Sources */ = {
			isa = PBXSourcesBuildPhase;
			buildActionMask = 2147483647;
			files = (
				C4831FB727D277B8003C8079 /* CryptoInformationService.swift in Sources */,
				C4D320FC27FB39F400A1432E /* Favourites.swift in Sources */,
				C4D320FE27FB3AF200A1432E /* MarketsView.swift in Sources */,
				C43D343827B67D3F00200556 /* ContentView.swift in Sources */,
				C4D673BE28253752002A6B54 /* DashboardView.swift in Sources */,
				C43D343627B67D3F00200556 /* Crypto_Currency_Price_CheckerApp.swift in Sources */,
				C448E01E281C031D005D97A5 /* AssetView.swift in Sources */,
				C448E01C281BFF4B005D97A5 /* FavouritesView.swift in Sources */,
				C4A4205927DB6F4F00B7FA2D /* CCPCViewModel.swift in Sources */,
			);
			runOnlyForDeploymentPostprocessing = 0;
		};
		C43D343E27B67D4300200556 /* Sources */ = {
			isa = PBXSourcesBuildPhase;
			buildActionMask = 2147483647;
			files = (
				C43D344727B67D4300200556 /* Crypto_Currency_Price_CheckerTests.swift in Sources */,
			);
			runOnlyForDeploymentPostprocessing = 0;
		};
		C43D344827B67D4300200556 /* Sources */ = {
			isa = PBXSourcesBuildPhase;
			buildActionMask = 2147483647;
			files = (
				C43D345327B67D4300200556 /* Crypto_Currency_Price_CheckerUITestsLaunchTests.swift in Sources */,
				C43D345127B67D4300200556 /* Crypto_Currency_Price_CheckerUITests.swift in Sources */,
			);
			runOnlyForDeploymentPostprocessing = 0;
		};
/* End PBXSourcesBuildPhase section */

/* Begin PBXTargetDependency section */
		C43D344427B67D4300200556 /* PBXTargetDependency */ = {
			isa = PBXTargetDependency;
			target = C43D343127B67D3F00200556 /* Crypto Currency Price Checker */;
			targetProxy = C43D344327B67D4300200556 /* PBXContainerItemProxy */;
		};
		C43D344E27B67D4300200556 /* PBXTargetDependency */ = {
			isa = PBXTargetDependency;
			target = C43D343127B67D3F00200556 /* Crypto Currency Price Checker */;
			targetProxy = C43D344D27B67D4300200556 /* PBXContainerItemProxy */;
		};
/* End PBXTargetDependency section */

/* Begin XCBuildConfiguration section */
		C43D345427B67D4300200556 /* Debug */ = {
			isa = XCBuildConfiguration;
			buildSettings = {
				ALWAYS_SEARCH_USER_PATHS = NO;
				CLANG_ANALYZER_NONNULL = YES;
				CLANG_ANALYZER_NUMBER_OBJECT_CONVERSION = YES_AGGRESSIVE;
				CLANG_CXX_LANGUAGE_STANDARD = "gnu++17";
				CLANG_CXX_LIBRARY = "libc++";
				CLANG_ENABLE_MODULES = YES;
				CLANG_ENABLE_OBJC_ARC = YES;
				CLANG_ENABLE_OBJC_WEAK = YES;
				CLANG_WARN_BLOCK_CAPTURE_AUTORELEASING = YES;
				CLANG_WARN_BOOL_CONVERSION = YES;
				CLANG_WARN_COMMA = YES;
				CLANG_WARN_CONSTANT_CONVERSION = YES;
				CLANG_WARN_DEPRECATED_OBJC_IMPLEMENTATIONS = YES;
				CLANG_WARN_DIRECT_OBJC_ISA_USAGE = YES_ERROR;
				CLANG_WARN_DOCUMENTATION_COMMENTS = YES;
				CLANG_WARN_EMPTY_BODY = YES;
				CLANG_WARN_ENUM_CONVERSION = YES;
				CLANG_WARN_INFINITE_RECURSION = YES;
				CLANG_WARN_INT_CONVERSION = YES;
				CLANG_WARN_NON_LITERAL_NULL_CONVERSION = YES;
				CLANG_WARN_OBJC_IMPLICIT_RETAIN_SELF = YES;
				CLANG_WARN_OBJC_LITERAL_CONVERSION = YES;
				CLANG_WARN_OBJC_ROOT_CLASS = YES_ERROR;
				CLANG_WARN_QUOTED_INCLUDE_IN_FRAMEWORK_HEADER = YES;
				CLANG_WARN_RANGE_LOOP_ANALYSIS = YES;
				CLANG_WARN_STRICT_PROTOTYPES = YES;
				CLANG_WARN_SUSPICIOUS_MOVE = YES;
				CLANG_WARN_UNGUARDED_AVAILABILITY = YES_AGGRESSIVE;
				CLANG_WARN_UNREACHABLE_CODE = YES;
				CLANG_WARN__DUPLICATE_METHOD_MATCH = YES;
				COPY_PHASE_STRIP = NO;
				DEBUG_INFORMATION_FORMAT = dwarf;
				ENABLE_STRICT_OBJC_MSGSEND = YES;
				ENABLE_TESTABILITY = YES;
				GCC_C_LANGUAGE_STANDARD = gnu11;
				GCC_DYNAMIC_NO_PIC = NO;
				GCC_NO_COMMON_BLOCKS = YES;
				GCC_OPTIMIZATION_LEVEL = 0;
				GCC_PREPROCESSOR_DEFINITIONS = (
					"DEBUG=1",
					"$(inherited)",
				);
				GCC_WARN_64_TO_32_BIT_CONVERSION = YES;
				GCC_WARN_ABOUT_RETURN_TYPE = YES_ERROR;
				GCC_WARN_UNDECLARED_SELECTOR = YES;
				GCC_WARN_UNINITIALIZED_AUTOS = YES_AGGRESSIVE;
				GCC_WARN_UNUSED_FUNCTION = YES;
				GCC_WARN_UNUSED_VARIABLE = YES;
				IPHONEOS_DEPLOYMENT_TARGET = 15.2;
				MTL_ENABLE_DEBUG_INFO = INCLUDE_SOURCE;
				MTL_FAST_MATH = YES;
				ONLY_ACTIVE_ARCH = YES;
				SDKROOT = iphoneos;
				SWIFT_ACTIVE_COMPILATION_CONDITIONS = DEBUG;
				SWIFT_OPTIMIZATION_LEVEL = "-Onone";
			};
			name = Debug;
		};
		C43D345527B67D4300200556 /* Release */ = {
			isa = XCBuildConfiguration;
			buildSettings = {
				ALWAYS_SEARCH_USER_PATHS = NO;
				CLANG_ANALYZER_NONNULL = YES;
				CLANG_ANALYZER_NUMBER_OBJECT_CONVERSION = YES_AGGRESSIVE;
				CLANG_CXX_LANGUAGE_STANDARD = "gnu++17";
				CLANG_CXX_LIBRARY = "libc++";
				CLANG_ENABLE_MODULES = YES;
				CLANG_ENABLE_OBJC_ARC = YES;
				CLANG_ENABLE_OBJC_WEAK = YES;
				CLANG_WARN_BLOCK_CAPTURE_AUTORELEASING = YES;
				CLANG_WARN_BOOL_CONVERSION = YES;
				CLANG_WARN_COMMA = YES;
				CLANG_WARN_CONSTANT_CONVERSION = YES;
				CLANG_WARN_DEPRECATED_OBJC_IMPLEMENTATIONS = YES;
				CLANG_WARN_DIRECT_OBJC_ISA_USAGE = YES_ERROR;
				CLANG_WARN_DOCUMENTATION_COMMENTS = YES;
				CLANG_WARN_EMPTY_BODY = YES;
				CLANG_WARN_ENUM_CONVERSION = YES;
				CLANG_WARN_INFINITE_RECURSION = YES;
				CLANG_WARN_INT_CONVERSION = YES;
				CLANG_WARN_NON_LITERAL_NULL_CONVERSION = YES;
				CLANG_WARN_OBJC_IMPLICIT_RETAIN_SELF = YES;
				CLANG_WARN_OBJC_LITERAL_CONVERSION = YES;
				CLANG_WARN_OBJC_ROOT_CLASS = YES_ERROR;
				CLANG_WARN_QUOTED_INCLUDE_IN_FRAMEWORK_HEADER = YES;
				CLANG_WARN_RANGE_LOOP_ANALYSIS = YES;
				CLANG_WARN_STRICT_PROTOTYPES = YES;
				CLANG_WARN_SUSPICIOUS_MOVE = YES;
				CLANG_WARN_UNGUARDED_AVAILABILITY = YES_AGGRESSIVE;
				CLANG_WARN_UNREACHABLE_CODE = YES;
				CLANG_WARN__DUPLICATE_METHOD_MATCH = YES;
				COPY_PHASE_STRIP = NO;
				DEBUG_INFORMATION_FORMAT = "dwarf-with-dsym";
				ENABLE_NS_ASSERTIONS = NO;
				ENABLE_STRICT_OBJC_MSGSEND = YES;
				GCC_C_LANGUAGE_STANDARD = gnu11;
				GCC_NO_COMMON_BLOCKS = YES;
				GCC_WARN_64_TO_32_BIT_CONVERSION = YES;
				GCC_WARN_ABOUT_RETURN_TYPE = YES_ERROR;
				GCC_WARN_UNDECLARED_SELECTOR = YES;
				GCC_WARN_UNINITIALIZED_AUTOS = YES_AGGRESSIVE;
				GCC_WARN_UNUSED_FUNCTION = YES;
				GCC_WARN_UNUSED_VARIABLE = YES;
				IPHONEOS_DEPLOYMENT_TARGET = 15.2;
				MTL_ENABLE_DEBUG_INFO = NO;
				MTL_FAST_MATH = YES;
				SDKROOT = iphoneos;
				SWIFT_COMPILATION_MODE = wholemodule;
				SWIFT_OPTIMIZATION_LEVEL = "-O";
				VALIDATE_PRODUCT = YES;
			};
			name = Release;
		};
		C43D345727B67D4300200556 /* Debug */ = {
			isa = XCBuildConfiguration;
			buildSettings = {
				ASSETCATALOG_COMPILER_APPICON_NAME = AppIcon;
				ASSETCATALOG_COMPILER_GLOBAL_ACCENT_COLOR_NAME = AccentColor;
				CODE_SIGN_STYLE = Automatic;
				CURRENT_PROJECT_VERSION = 1;
				DEVELOPMENT_ASSET_PATHS = "\"Crypto Currency Price Checker/Preview Content\"";
				ENABLE_PREVIEWS = YES;
				GENERATE_INFOPLIST_FILE = YES;
				INFOPLIST_KEY_UIApplicationSceneManifest_Generation = YES;
				INFOPLIST_KEY_UIApplicationSupportsIndirectInputEvents = YES;
				INFOPLIST_KEY_UILaunchScreen_Generation = YES;
				INFOPLIST_KEY_UISupportedInterfaceOrientations_iPad = "UIInterfaceOrientationPortrait UIInterfaceOrientationPortraitUpsideDown UIInterfaceOrientationLandscapeLeft UIInterfaceOrientationLandscapeRight";
				INFOPLIST_KEY_UISupportedInterfaceOrientations_iPhone = "UIInterfaceOrientationPortrait UIInterfaceOrientationLandscapeLeft UIInterfaceOrientationLandscapeRight";
				LD_RUNPATH_SEARCH_PATHS = (
					"$(inherited)",
					"@executable_path/Frameworks",
				);
				MARKETING_VERSION = 1.0;
				PRODUCT_BUNDLE_IDENTIFIER = "charles.edwards.Crypto-Currency-Price-Checker";
				PRODUCT_NAME = "$(TARGET_NAME)";
				SWIFT_EMIT_LOC_STRINGS = YES;
				SWIFT_VERSION = 5.0;
				TARGETED_DEVICE_FAMILY = "1,2";
			};
			name = Debug;
		};
		C43D345827B67D4300200556 /* Release */ = {
			isa = XCBuildConfiguration;
			buildSettings = {
				ASSETCATALOG_COMPILER_APPICON_NAME = AppIcon;
				ASSETCATALOG_COMPILER_GLOBAL_ACCENT_COLOR_NAME = AccentColor;
				CODE_SIGN_STYLE = Automatic;
				CURRENT_PROJECT_VERSION = 1;
				DEVELOPMENT_ASSET_PATHS = "\"Crypto Currency Price Checker/Preview Content\"";
				ENABLE_PREVIEWS = YES;
				GENERATE_INFOPLIST_FILE = YES;
				INFOPLIST_KEY_UIApplicationSceneManifest_Generation = YES;
				INFOPLIST_KEY_UIApplicationSupportsIndirectInputEvents = YES;
				INFOPLIST_KEY_UILaunchScreen_Generation = YES;
				INFOPLIST_KEY_UISupportedInterfaceOrientations_iPad = "UIInterfaceOrientationPortrait UIInterfaceOrientationPortraitUpsideDown UIInterfaceOrientationLandscapeLeft UIInterfaceOrientationLandscapeRight";
				INFOPLIST_KEY_UISupportedInterfaceOrientations_iPhone = "UIInterfaceOrientationPortrait UIInterfaceOrientationLandscapeLeft UIInterfaceOrientationLandscapeRight";
				LD_RUNPATH_SEARCH_PATHS = (
					"$(inherited)",
					"@executable_path/Frameworks",
				);
				MARKETING_VERSION = 1.0;
				PRODUCT_BUNDLE_IDENTIFIER = "charles.edwards.Crypto-Currency-Price-Checker";
				PRODUCT_NAME = "$(TARGET_NAME)";
				SWIFT_EMIT_LOC_STRINGS = YES;
				SWIFT_VERSION = 5.0;
				TARGETED_DEVICE_FAMILY = "1,2";
			};
			name = Release;
		};
		C43D345A27B67D4300200556 /* Debug */ = {
			isa = XCBuildConfiguration;
			buildSettings = {
				ALWAYS_EMBED_SWIFT_STANDARD_LIBRARIES = YES;
				BUNDLE_LOADER = "$(TEST_HOST)";
				CODE_SIGN_STYLE = Automatic;
				CURRENT_PROJECT_VERSION = 1;
				GENERATE_INFOPLIST_FILE = YES;
				IPHONEOS_DEPLOYMENT_TARGET = 15.2;
				MARKETING_VERSION = 1.0;
				PRODUCT_BUNDLE_IDENTIFIER = "charles.edwards.Crypto-Currency-Price-CheckerTests";
				PRODUCT_NAME = "$(TARGET_NAME)";
				SWIFT_EMIT_LOC_STRINGS = NO;
				SWIFT_VERSION = 5.0;
				TARGETED_DEVICE_FAMILY = "1,2";
				TEST_HOST = "$(BUILT_PRODUCTS_DIR)/Crypto Currency Price Checker.app/Crypto Currency Price Checker";
			};
			name = Debug;
		};
		C43D345B27B67D4300200556 /* Release */ = {
			isa = XCBuildConfiguration;
			buildSettings = {
				ALWAYS_EMBED_SWIFT_STANDARD_LIBRARIES = YES;
				BUNDLE_LOADER = "$(TEST_HOST)";
				CODE_SIGN_STYLE = Automatic;
				CURRENT_PROJECT_VERSION = 1;
				GENERATE_INFOPLIST_FILE = YES;
				IPHONEOS_DEPLOYMENT_TARGET = 15.2;
				MARKETING_VERSION = 1.0;
				PRODUCT_BUNDLE_IDENTIFIER = "charles.edwards.Crypto-Currency-Price-CheckerTests";
				PRODUCT_NAME = "$(TARGET_NAME)";
				SWIFT_EMIT_LOC_STRINGS = NO;
				SWIFT_VERSION = 5.0;
				TARGETED_DEVICE_FAMILY = "1,2";
				TEST_HOST = "$(BUILT_PRODUCTS_DIR)/Crypto Currency Price Checker.app/Crypto Currency Price Checker";
			};
			name = Release;
		};
		C43D345D27B67D4300200556 /* Debug */ = {
			isa = XCBuildConfiguration;
			buildSettings = {
				ALWAYS_EMBED_SWIFT_STANDARD_LIBRARIES = YES;
				CODE_SIGN_STYLE = Automatic;
				CURRENT_PROJECT_VERSION = 1;
				GENERATE_INFOPLIST_FILE = YES;
				MARKETING_VERSION = 1.0;
				PRODUCT_BUNDLE_IDENTIFIER = "charles.edwards.Crypto-Currency-Price-CheckerUITests";
				PRODUCT_NAME = "$(TARGET_NAME)";
				SWIFT_EMIT_LOC_STRINGS = NO;
				SWIFT_VERSION = 5.0;
				TARGETED_DEVICE_FAMILY = "1,2";
				TEST_TARGET_NAME = "Crypto Currency Price Checker";
			};
			name = Debug;
		};
		C43D345E27B67D4300200556 /* Release */ = {
			isa = XCBuildConfiguration;
			buildSettings = {
				ALWAYS_EMBED_SWIFT_STANDARD_LIBRARIES = YES;
				CODE_SIGN_STYLE = Automatic;
				CURRENT_PROJECT_VERSION = 1;
				GENERATE_INFOPLIST_FILE = YES;
				MARKETING_VERSION = 1.0;
				PRODUCT_BUNDLE_IDENTIFIER = "charles.edwards.Crypto-Currency-Price-CheckerUITests";
				PRODUCT_NAME = "$(TARGET_NAME)";
				SWIFT_EMIT_LOC_STRINGS = NO;
				SWIFT_VERSION = 5.0;
				TARGETED_DEVICE_FAMILY = "1,2";
				TEST_TARGET_NAME = "Crypto Currency Price Checker";
			};
			name = Release;
		};
/* End XCBuildConfiguration section */

/* Begin XCConfigurationList section */
		C43D342D27B67D3F00200556 /* Build configuration list for PBXProject "Crypto Currency Price Checker" */ = {
			isa = XCConfigurationList;
			buildConfigurations = (
				C43D345427B67D4300200556 /* Debug */,
				C43D345527B67D4300200556 /* Release */,
			);
			defaultConfigurationIsVisible = 0;
			defaultConfigurationName = Release;
		};
		C43D345627B67D4300200556 /* Build configuration list for PBXNativeTarget "Crypto Currency Price Checker" */ = {
			isa = XCConfigurationList;
			buildConfigurations = (
				C43D345727B67D4300200556 /* Debug */,
				C43D345827B67D4300200556 /* Release */,
			);
			defaultConfigurationIsVisible = 0;
			defaultConfigurationName = Release;
		};
		C43D345927B67D4300200556 /* Build configuration list for PBXNativeTarget "Crypto Currency Price CheckerTests" */ = {
			isa = XCConfigurationList;
			buildConfigurations = (
				C43D345A27B67D4300200556 /* Debug */,
				C43D345B27B67D4300200556 /* Release */,
			);
			defaultConfigurationIsVisible = 0;
			defaultConfigurationName = Release;
		};
		C43D345C27B67D4300200556 /* Build configuration list for PBXNativeTarget "Crypto Currency Price CheckerUITests" */ = {
			isa = XCConfigurationList;
			buildConfigurations = (
				C43D345D27B67D4300200556 /* Debug */,
				C43D345E27B67D4300200556 /* Release */,
			);
			defaultConfigurationIsVisible = 0;
			defaultConfigurationName = Release;
		};
/* End XCConfigurationList section */

/* Begin XCRemoteSwiftPackageReference section */
		C43274752816F3FA008E85B1 /* XCRemoteSwiftPackageReference "SwiftUICharts" */ = {
			isa = XCRemoteSwiftPackageReference;
			repositoryURL = "https://github.com/willdale/SwiftUICharts.git";
			requirement = {
				kind = upToNextMajorVersion;
				minimumVersion = 2.0.0;
			};
		};
		C448E018281BFB33005D97A5 /* XCRemoteSwiftPackageReference "RefreshableScrollView" */ = {
			isa = XCRemoteSwiftPackageReference;
			repositoryURL = "https://github.com/TariqAlmazyad/RefreshableScrollView.git";
			requirement = {
				kind = upToNextMajorVersion;
				minimumVersion = 1.0.0;
			};
		};
/* End XCRemoteSwiftPackageReference section */

/* Begin XCSwiftPackageProductDependency section */
		C43274762816F3FA008E85B1 /* SwiftUICharts */ = {
			isa = XCSwiftPackageProductDependency;
			package = C43274752816F3FA008E85B1 /* XCRemoteSwiftPackageReference "SwiftUICharts" */;
			productName = SwiftUICharts;
		};
		C448E019281BFB33005D97A5 /* RefreshableScrollView */ = {
			isa = XCSwiftPackageProductDependency;
			package = C448E018281BFB33005D97A5 /* XCRemoteSwiftPackageReference "RefreshableScrollView" */;
			productName = RefreshableScrollView;
		};
/* End XCSwiftPackageProductDependency section */
	};
	rootObject = C43D342A27B67D3F00200556 /* Project object */;
}
